// !$*UTF8*$!
{
	archiveVersion = 1;
	classes = {
	};
	objectVersion = 50;
	objects = {

/* Begin PBXBuildFile section */
		8405685C26CE6018006784D8 /* AppDelegate.swift in Sources */ = {isa = PBXBuildFile; fileRef = 8405685B26CE6018006784D8 /* AppDelegate.swift */; };
		8405685E26CE6018006784D8 /* SceneDelegate.swift in Sources */ = {isa = PBXBuildFile; fileRef = 8405685D26CE6018006784D8 /* SceneDelegate.swift */; };
		8405686326CE6018006784D8 /* Main.storyboard in Resources */ = {isa = PBXBuildFile; fileRef = 8405686126CE6018006784D8 /* Main.storyboard */; };
		8405686526CE601A006784D8 /* Assets.xcassets in Resources */ = {isa = PBXBuildFile; fileRef = 8405686426CE601A006784D8 /* Assets.xcassets */; };
		8405686826CE601A006784D8 /* LaunchScreen.storyboard in Resources */ = {isa = PBXBuildFile; fileRef = 8405686626CE601A006784D8 /* LaunchScreen.storyboard */; };
		8405687126CEC816006784D8 /* HabitsViewController.swift in Sources */ = {isa = PBXBuildFile; fileRef = 8405687026CEC816006784D8 /* HabitsViewController.swift */; };
		8405687426CED612006784D8 /* HabitsViewHeaderView.swift in Sources */ = {isa = PBXBuildFile; fileRef = 8405687326CED612006784D8 /* HabitsViewHeaderView.swift */; };
		8405687726CED714006784D8 /* HabitTableViewCell.swift in Sources */ = {isa = PBXBuildFile; fileRef = 8405687626CED714006784D8 /* HabitTableViewCell.swift */; };
		8405687A26CED890006784D8 /* HabitViewController.swift in Sources */ = {isa = PBXBuildFile; fileRef = 8405687926CED88F006784D8 /* HabitViewController.swift */; };
		8405687D26CED8CF006784D8 /* InfoViewController.swift in Sources */ = {isa = PBXBuildFile; fileRef = 8405687C26CED8CF006784D8 /* InfoViewController.swift */; };
		8409507D26CF67FE007E3B79 /* HabitsStore.swift in Sources */ = {isa = PBXBuildFile; fileRef = 8409507C26CF67FE007E3B79 /* HabitsStore.swift */; };
		8474535B26E68CA0005EA70E /* HabitDetailsViewController.swift in Sources */ = {isa = PBXBuildFile; fileRef = 8474535A26E68CA0005EA70E /* HabitDetailsViewController.swift */; };
		8478CBD826D9238A0080F337 /* HabitColorViewController.swift in Sources */ = {isa = PBXBuildFile; fileRef = 8478CBD726D9238A0080F337 /* HabitColorViewController.swift */; };
		849425FB26EA761A001702E2 /* DetailsHeader.swift in Sources */ = {isa = PBXBuildFile; fileRef = 849425FA26EA761A001702E2 /* DetailsHeader.swift */; };
		849425FE26EA762F001702E2 /* DetailsCellTableViewCell.swift in Sources */ = {isa = PBXBuildFile; fileRef = 849425FD26EA762F001702E2 /* DetailsCellTableViewCell.swift */; };
/* End PBXBuildFile section */

/* Begin PBXFileReference section */
		8405685826CE6018006784D8 /* MyHabits.app */ = {isa = PBXFileReference; explicitFileType = wrapper.application; includeInIndex = 0; path = MyHabits.app; sourceTree = BUILT_PRODUCTS_DIR; };
		8405685B26CE6018006784D8 /* AppDelegate.swift */ = {isa = PBXFileReference; lastKnownFileType = sourcecode.swift; path = AppDelegate.swift; sourceTree = "<group>"; };
		8405685D26CE6018006784D8 /* SceneDelegate.swift */ = {isa = PBXFileReference; lastKnownFileType = sourcecode.swift; path = SceneDelegate.swift; sourceTree = "<group>"; };
		8405686226CE6018006784D8 /* Base */ = {isa = PBXFileReference; lastKnownFileType = file.storyboard; name = Base; path = Base.lproj/Main.storyboard; sourceTree = "<group>"; };
		8405686426CE601A006784D8 /* Assets.xcassets */ = {isa = PBXFileReference; lastKnownFileType = folder.assetcatalog; path = Assets.xcassets; sourceTree = "<group>"; };
		8405686726CE601A006784D8 /* Base */ = {isa = PBXFileReference; lastKnownFileType = file.storyboard; name = Base; path = Base.lproj/LaunchScreen.storyboard; sourceTree = "<group>"; };
		8405686926CE601A006784D8 /* Info.plist */ = {isa = PBXFileReference; lastKnownFileType = text.plist.xml; path = Info.plist; sourceTree = "<group>"; };
		8405687026CEC816006784D8 /* HabitsViewController.swift */ = {isa = PBXFileReference; lastKnownFileType = sourcecode.swift; path = HabitsViewController.swift; sourceTree = "<group>"; };
		8405687326CED612006784D8 /* HabitsViewHeaderView.swift */ = {isa = PBXFileReference; lastKnownFileType = sourcecode.swift; path = HabitsViewHeaderView.swift; sourceTree = "<group>"; };
		8405687626CED714006784D8 /* HabitTableViewCell.swift */ = {isa = PBXFileReference; lastKnownFileType = sourcecode.swift; path = HabitTableViewCell.swift; sourceTree = "<group>"; };
		8405687926CED88F006784D8 /* HabitViewController.swift */ = {isa = PBXFileReference; lastKnownFileType = sourcecode.swift; path = HabitViewController.swift; sourceTree = "<group>"; };
		8405687C26CED8CF006784D8 /* InfoViewController.swift */ = {isa = PBXFileReference; lastKnownFileType = sourcecode.swift; path = InfoViewController.swift; sourceTree = "<group>"; };
		8409507C26CF67FE007E3B79 /* HabitsStore.swift */ = {isa = PBXFileReference; fileEncoding = 4; lastKnownFileType = sourcecode.swift; path = HabitsStore.swift; sourceTree = "<group>"; };
		8474535A26E68CA0005EA70E /* HabitDetailsViewController.swift */ = {isa = PBXFileReference; lastKnownFileType = sourcecode.swift; path = HabitDetailsViewController.swift; sourceTree = "<group>"; };
		8478CBD726D9238A0080F337 /* HabitColorViewController.swift */ = {isa = PBXFileReference; lastKnownFileType = sourcecode.swift; path = HabitColorViewController.swift; sourceTree = "<group>"; };
		849425FA26EA761A001702E2 /* DetailsHeader.swift */ = {isa = PBXFileReference; lastKnownFileType = sourcecode.swift; path = DetailsHeader.swift; sourceTree = "<group>"; };
		849425FD26EA762F001702E2 /* DetailsCellTableViewCell.swift */ = {isa = PBXFileReference; lastKnownFileType = sourcecode.swift; path = DetailsCellTableViewCell.swift; sourceTree = "<group>"; };
/* End PBXFileReference section */

/* Begin PBXFrameworksBuildPhase section */
		8405685526CE6018006784D8 /* Frameworks */ = {
			isa = PBXFrameworksBuildPhase;
			buildActionMask = 2147483647;
			files = (
			);
			runOnlyForDeploymentPostprocessing = 0;
		};
/* End PBXFrameworksBuildPhase section */

/* Begin PBXGroup section */
		8405684F26CE6018006784D8 = {
			isa = PBXGroup;
			children = (
				8405685A26CE6018006784D8 /* MyHabits */,
				8405685926CE6018006784D8 /* Products */,
			);
			sourceTree = "<group>";
		};
		8405685926CE6018006784D8 /* Products */ = {
			isa = PBXGroup;
			children = (
				8405685826CE6018006784D8 /* MyHabits.app */,
			);
			name = Products;
			sourceTree = "<group>";
		};
		8405685A26CE6018006784D8 /* MyHabits */ = {
			isa = PBXGroup;
			children = (
				8474535926E68C7B005EA70E /* HabitsHandlers */,
				8409508526D003D0007E3B79 /* HabitsHome */,
				8405687C26CED8CF006784D8 /* InfoViewController.swift */,
				8478CBD726D9238A0080F337 /* HabitColorViewController.swift */,
				8409507C26CF67FE007E3B79 /* HabitsStore.swift */,
				8405685B26CE6018006784D8 /* AppDelegate.swift */,
				8405685D26CE6018006784D8 /* SceneDelegate.swift */,
				8405686126CE6018006784D8 /* Main.storyboard */,
				8405686426CE601A006784D8 /* Assets.xcassets */,
				8405686626CE601A006784D8 /* LaunchScreen.storyboard */,
				8405686926CE601A006784D8 /* Info.plist */,
			);
			path = MyHabits;
			sourceTree = "<group>";
		};
		8409508526D003D0007E3B79 /* HabitsHome */ = {
			isa = PBXGroup;
			children = (
				8405687026CEC816006784D8 /* HabitsViewController.swift */,
				8405687326CED612006784D8 /* HabitsViewHeaderView.swift */,
				8405687626CED714006784D8 /* HabitTableViewCell.swift */,
			);
			path = HabitsHome;
			sourceTree = "<group>";
		};
		8474535926E68C7B005EA70E /* HabitsHandlers */ = {
			isa = PBXGroup;
			children = (
				8405687926CED88F006784D8 /* HabitViewController.swift */,
				8474535A26E68CA0005EA70E /* HabitDetailsViewController.swift */,
				849425FA26EA761A001702E2 /* DetailsHeader.swift */,
				849425FD26EA762F001702E2 /* DetailsCellTableViewCell.swift */,
			);
			path = HabitsHandlers;
			sourceTree = "<group>";
		};
/* End PBXGroup section */

/* Begin PBXNativeTarget section */
		8405685726CE6018006784D8 /* MyHabits */ = {
			isa = PBXNativeTarget;
			buildConfigurationList = 8405686C26CE601A006784D8 /* Build configuration list for PBXNativeTarget "MyHabits" */;
			buildPhases = (
				8405685426CE6018006784D8 /* Sources */,
				8405685526CE6018006784D8 /* Frameworks */,
				8405685626CE6018006784D8 /* Resources */,
			);
			buildRules = (
			);
			dependencies = (
			);
			name = MyHabits;
			productName = MyHabits;
			productReference = 8405685826CE6018006784D8 /* MyHabits.app */;
			productType = "com.apple.product-type.application";
		};
/* End PBXNativeTarget section */

/* Begin PBXProject section */
		8405685026CE6018006784D8 /* Project object */ = {
			isa = PBXProject;
			attributes = {
				LastSwiftUpdateCheck = 1240;
				LastUpgradeCheck = 1240;
				TargetAttributes = {
					8405685726CE6018006784D8 = {
						CreatedOnToolsVersion = 12.4;
					};
				};
			};
			buildConfigurationList = 8405685326CE6018006784D8 /* Build configuration list for PBXProject "MyHabits" */;
			compatibilityVersion = "Xcode 9.3";
			developmentRegion = en;
			hasScannedForEncodings = 0;
			knownRegions = (
				en,
				Base,
			);
			mainGroup = 8405684F26CE6018006784D8;
			productRefGroup = 8405685926CE6018006784D8 /* Products */;
			projectDirPath = "";
			projectRoot = "";
			targets = (
				8405685726CE6018006784D8 /* MyHabits */,
			);
		};
/* End PBXProject section */

/* Begin PBXResourcesBuildPhase section */
		8405685626CE6018006784D8 /* Resources */ = {
			isa = PBXResourcesBuildPhase;
			buildActionMask = 2147483647;
			files = (
				8405686826CE601A006784D8 /* LaunchScreen.storyboard in Resources */,
				8405686526CE601A006784D8 /* Assets.xcassets in Resources */,
				8405686326CE6018006784D8 /* Main.storyboard in Resources */,
			);
			runOnlyForDeploymentPostprocessing = 0;
		};
/* End PBXResourcesBuildPhase section */

/* Begin PBXSourcesBuildPhase section */
		8405685426CE6018006784D8 /* Sources */ = {
			isa = PBXSourcesBuildPhase;
			buildActionMask = 2147483647;
			files = (
				8409507D26CF67FE007E3B79 /* HabitsStore.swift in Sources */,
				849425FE26EA762F001702E2 /* DetailsCellTableViewCell.swift in Sources */,
				8405687426CED612006784D8 /* HabitsViewHeaderView.swift in Sources */,
				8405685C26CE6018006784D8 /* AppDelegate.swift in Sources */,
				8474535B26E68CA0005EA70E /* HabitDetailsViewController.swift in Sources */,
				8405685E26CE6018006784D8 /* SceneDelegate.swift in Sources */,
				8405687726CED714006784D8 /* HabitTableViewCell.swift in Sources */,
				8478CBD826D9238A0080F337 /* HabitColorViewController.swift in Sources */,
				8405687126CEC816006784D8 /* HabitsViewController.swift in Sources */,
				849425FB26EA761A001702E2 /* DetailsHeader.swift in Sources */,
				8405687D26CED8CF006784D8 /* InfoViewController.swift in Sources */,
				8405687A26CED890006784D8 /* HabitViewController.swift in Sources */,
			);
			runOnlyForDeploymentPostprocessing = 0;
		};
/* End PBXSourcesBuildPhase section */

/* Begin PBXVariantGroup section */
		8405686126CE6018006784D8 /* Main.storyboard */ = {
			isa = PBXVariantGroup;
			children = (
				8405686226CE6018006784D8 /* Base */,
			);
			name = Main.storyboard;
			sourceTree = "<group>";
		};
		8405686626CE601A006784D8 /* LaunchScreen.storyboard */ = {
			isa = PBXVariantGroup;
			children = (
				8405686726CE601A006784D8 /* Base */,
			);
			name = LaunchScreen.storyboard;
			sourceTree = "<group>";
		};
/* End PBXVariantGroup section */

/* Begin XCBuildConfiguration section */
		8405686A26CE601A006784D8 /* Debug */ = {
			isa = XCBuildConfiguration;
			buildSettings = {
				ALWAYS_SEARCH_USER_PATHS = NO;
				CLANG_ANALYZER_NONNULL = YES;
				CLANG_ANALYZER_NUMBER_OBJECT_CONVERSION = YES_AGGRESSIVE;
				CLANG_CXX_LANGUAGE_STANDARD = "gnu++14";
				CLANG_CXX_LIBRARY = "libc++";
				CLANG_ENABLE_MODULES = YES;
				CLANG_ENABLE_OBJC_ARC = YES;
				CLANG_ENABLE_OBJC_WEAK = YES;
				CLANG_WARN_BLOCK_CAPTURE_AUTORELEASING = YES;
				CLANG_WARN_BOOL_CONVERSION = YES;
				CLANG_WARN_COMMA = YES;
				CLANG_WARN_CONSTANT_CONVERSION = YES;
				CLANG_WARN_DEPRECATED_OBJC_IMPLEMENTATIONS = YES;
				CLANG_WARN_DIRECT_OBJC_ISA_USAGE = YES_ERROR;
				CLANG_WARN_DOCUMENTATION_COMMENTS = YES;
				CLANG_WARN_EMPTY_BODY = YES;
				CLANG_WARN_ENUM_CONVERSION = YES;
				CLANG_WARN_INFINITE_RECURSION = YES;
				CLANG_WARN_INT_CONVERSION = YES;
				CLANG_WARN_NON_LITERAL_NULL_CONVERSION = YES;
				CLANG_WARN_OBJC_IMPLICIT_RETAIN_SELF = YES;
				CLANG_WARN_OBJC_LITERAL_CONVERSION = YES;
				CLANG_WARN_OBJC_ROOT_CLASS = YES_ERROR;
				CLANG_WARN_QUOTED_INCLUDE_IN_FRAMEWORK_HEADER = YES;
				CLANG_WARN_RANGE_LOOP_ANALYSIS = YES;
				CLANG_WARN_STRICT_PROTOTYPES = YES;
				CLANG_WARN_SUSPICIOUS_MOVE = YES;
				CLANG_WARN_UNGUARDED_AVAILABILITY = YES_AGGRESSIVE;
				CLANG_WARN_UNREACHABLE_CODE = YES;
				CLANG_WARN__DUPLICATE_METHOD_MATCH = YES;
				COPY_PHASE_STRIP = NO;
				DEBUG_INFORMATION_FORMAT = dwarf;
				ENABLE_STRICT_OBJC_MSGSEND = YES;
				ENABLE_TESTABILITY = YES;
				GCC_C_LANGUAGE_STANDARD = gnu11;
				GCC_DYNAMIC_NO_PIC = NO;
				GCC_NO_COMMON_BLOCKS = YES;
				GCC_OPTIMIZATION_LEVEL = 0;
				GCC_PREPROCESSOR_DEFINITIONS = (
					"DEBUG=1",
					"$(inherited)",
				);
				GCC_WARN_64_TO_32_BIT_CONVERSION = YES;
				GCC_WARN_ABOUT_RETURN_TYPE = YES_ERROR;
				GCC_WARN_UNDECLARED_SELECTOR = YES;
				GCC_WARN_UNINITIALIZED_AUTOS = YES_AGGRESSIVE;
				GCC_WARN_UNUSED_FUNCTION = YES;
				GCC_WARN_UNUSED_VARIABLE = YES;
				IPHONEOS_DEPLOYMENT_TARGET = 14.4;
				MTL_ENABLE_DEBUG_INFO = INCLUDE_SOURCE;
				MTL_FAST_MATH = YES;
				ONLY_ACTIVE_ARCH = YES;
				SDKROOT = iphoneos;
				SWIFT_ACTIVE_COMPILATION_CONDITIONS = DEBUG;
				SWIFT_OPTIMIZATION_LEVEL = "-Onone";
			};
			name = Debug;
		};
		8405686B26CE601A006784D8 /* Release */ = {
			isa = XCBuildConfiguration;
			buildSettings = {
				ALWAYS_SEARCH_USER_PATHS = NO;
				CLANG_ANALYZER_NONNULL = YES;
				CLANG_ANALYZER_NUMBER_OBJECT_CONVERSION = YES_AGGRESSIVE;
				CLANG_CXX_LANGUAGE_STANDARD = "gnu++14";
				CLANG_CXX_LIBRARY = "libc++";
				CLANG_ENABLE_MODULES = YES;
				CLANG_ENABLE_OBJC_ARC = YES;
				CLANG_ENABLE_OBJC_WEAK = YES;
				CLANG_WARN_BLOCK_CAPTURE_AUTORELEASING = YES;
				CLANG_WARN_BOOL_CONVERSION = YES;
				CLANG_WARN_COMMA = YES;
				CLANG_WARN_CONSTANT_CONVERSION = YES;
				CLANG_WARN_DEPRECATED_OBJC_IMPLEMENTATIONS = YES;
				CLANG_WARN_DIRECT_OBJC_ISA_USAGE = YES_ERROR;
				CLANG_WARN_DOCUMENTATION_COMMENTS = YES;
				CLANG_WARN_EMPTY_BODY = YES;
				CLANG_WARN_ENUM_CONVERSION = YES;
				CLANG_WARN_INFINITE_RECURSION = YES;
				CLANG_WARN_INT_CONVERSION = YES;
				CLANG_WARN_NON_LITERAL_NULL_CONVERSION = YES;
				CLANG_WARN_OBJC_IMPLICIT_RETAIN_SELF = YES;
				CLANG_WARN_OBJC_LITERAL_CONVERSION = YES;
				CLANG_WARN_OBJC_ROOT_CLASS = YES_ERROR;
				CLANG_WARN_QUOTED_INCLUDE_IN_FRAMEWORK_HEADER = YES;
				CLANG_WARN_RANGE_LOOP_ANALYSIS = YES;
				CLANG_WARN_STRICT_PROTOTYPES = YES;
				CLANG_WARN_SUSPICIOUS_MOVE = YES;
				CLANG_WARN_UNGUARDED_AVAILABILITY = YES_AGGRESSIVE;
				CLANG_WARN_UNREACHABLE_CODE = YES;
				CLANG_WARN__DUPLICATE_METHOD_MATCH = YES;
				COPY_PHASE_STRIP = NO;
				DEBUG_INFORMATION_FORMAT = "dwarf-with-dsym";
				ENABLE_NS_ASSERTIONS = NO;
				ENABLE_STRICT_OBJC_MSGSEND = YES;
				GCC_C_LANGUAGE_STANDARD = gnu11;
				GCC_NO_COMMON_BLOCKS = YES;
				GCC_WARN_64_TO_32_BIT_CONVERSION = YES;
				GCC_WARN_ABOUT_RETURN_TYPE = YES_ERROR;
				GCC_WARN_UNDECLARED_SELECTOR = YES;
				GCC_WARN_UNINITIALIZED_AUTOS = YES_AGGRESSIVE;
				GCC_WARN_UNUSED_FUNCTION = YES;
				GCC_WARN_UNUSED_VARIABLE = YES;
				IPHONEOS_DEPLOYMENT_TARGET = 14.4;
				MTL_ENABLE_DEBUG_INFO = NO;
				MTL_FAST_MATH = YES;
				SDKROOT = iphoneos;
				SWIFT_COMPILATION_MODE = wholemodule;
				SWIFT_OPTIMIZATION_LEVEL = "-O";
				VALIDATE_PRODUCT = YES;
			};
			name = Release;
		};
		8405686D26CE601A006784D8 /* Debug */ = {
			isa = XCBuildConfiguration;
			buildSettings = {
				ASSETCATALOG_COMPILER_APPICON_NAME = AppIcon;
				ASSETCATALOG_COMPILER_GLOBAL_ACCENT_COLOR_NAME = AccentColor;
				CODE_SIGN_STYLE = Automatic;
				DEVELOPMENT_TEAM = 38VXNBE694;
				INFOPLIST_FILE = MyHabits/Info.plist;
				LD_RUNPATH_SEARCH_PATHS = (
					"$(inherited)",
					"@executable_path/Frameworks",
				);
				PRODUCT_BUNDLE_IDENTIFIER = cheslau.MyHabits;
				PRODUCT_NAME = "$(TARGET_NAME)";
				SWIFT_VERSION = 5.0;
				TARGETED_DEVICE_FAMILY = "1,2";
			};
			name = Debug;
		};
		8405686E26CE601A006784D8 /* Release */ = {
			isa = XCBuildConfiguration;
			buildSettings = {
				ASSETCATALOG_COMPILER_APPICON_NAME = AppIcon;
				ASSETCATALOG_COMPILER_GLOBAL_ACCENT_COLOR_NAME = AccentColor;
				CODE_SIGN_STYLE = Automatic;
				DEVELOPMENT_TEAM = 38VXNBE694;
				INFOPLIST_FILE = MyHabits/Info.plist;
				LD_RUNPATH_SEARCH_PATHS = (
					"$(inherited)",
					"@executable_path/Frameworks",
				);
				PRODUCT_BUNDLE_IDENTIFIER = cheslau.MyHabits;
				PRODUCT_NAME = "$(TARGET_NAME)";
				SWIFT_VERSION = 5.0;
				TARGETED_DEVICE_FAMILY = "1,2";
			};
			name = Release;
		};
/* End XCBuildConfiguration section */

/* Begin XCConfigurationList section */
		8405685326CE6018006784D8 /* Build configuration list for PBXProject "MyHabits" */ = {
			isa = XCConfigurationList;
			buildConfigurations = (
				8405686A26CE601A006784D8 /* Debug */,
				8405686B26CE601A006784D8 /* Release */,
			);
			defaultConfigurationIsVisible = 0;
			defaultConfigurationName = Release;
		};
		8405686C26CE601A006784D8 /* Build configuration list for PBXNativeTarget "MyHabits" */ = {
			isa = XCConfigurationList;
			buildConfigurations = (
				8405686D26CE601A006784D8 /* Debug */,
				8405686E26CE601A006784D8 /* Release */,
			);
			defaultConfigurationIsVisible = 0;
			defaultConfigurationName = Release;
		};
/* End XCConfigurationList section */
	};
	rootObject = 8405685026CE6018006784D8 /* Project object */;
}
